{
  "name": "application-name",
  "version": "0.0.1",
  "lockfileVersion": 1,
  "requires": true,
  "dependencies": {
    "assured": {
      "version": "1.0.12",
      "resolved": "https://registry.npmjs.org/assured/-/assured-1.0.12.tgz",
      "integrity": "sha512-QR2Tb3fTIHed2XQr9gukFxDI8BJOKbk02k2a86y+BAiOuHUNL0tPlRbnK84XfXVU/L4MQZQf9x+O391xlAYh8g==",
      "requires": {
        "noop6": "1.0.7",
        "sliced": "1.0.1"
      }
    },
    "asyncer.js": {
      "version": "1.0.8",
      "resolved": "https://registry.npmjs.org/asyncer.js/-/asyncer.js-1.0.8.tgz",
      "integrity": "sha512-d2GR1icQTCTLXZrFQI+RwpQrw4f3mZVPhS28WkXPwPUo1wYVGLCHHxpqrLHboZImb+3lnIBf9/SDV93By9gVlQ==",
      "requires": {
        "fn-result": "1.0.10",
        "noop6": "1.0.7",
        "one-by-one": "3.2.6",
        "same-time": "2.3.3",
        "typpy": "2.3.10"
      }
    },
    "deffy": {
      "version": "2.2.2",
      "resolved": "https://registry.npmjs.org/deffy/-/deffy-2.2.2.tgz",
      "integrity": "sha1-CI9AkTy0cHhlP6b2l8IG4DRx1SM=",
      "requires": {
        "typpy": "2.3.10"
      }
    },
    "fn-result": {
      "version": "1.0.10",
      "resolved": "https://registry.npmjs.org/fn-result/-/fn-result-1.0.10.tgz",
      "integrity": "sha512-olT6OaILz8tbyhilYpeuFTbv15ebsOVEAWCbS/+vK088EW+BmhOIo4vG0uY2YRbu09B/WV32WK9e6Tsk1Ww8qQ==",
      "requires": {
        "assured": "1.0.12"
      }
    },
    "function.name": {
      "version": "1.0.10",
      "resolved": "https://registry.npmjs.org/function.name/-/function.name-1.0.10.tgz",
      "integrity": "sha512-IPRArugcDP5O1oRUl2H55GnLNq3CV26bG/dFzLx0AR2dhB/4nj9rIqh1NBdlK7bWlfggV1Q+Aq5Jxafr/+j4BQ==",
      "requires": {
        "noop6": "1.0.7"
      }
    },
    "noop6": {
      "version": "1.0.7",
      "resolved": "https://registry.npmjs.org/noop6/-/noop6-1.0.7.tgz",
      "integrity": "sha1-lnZ78gWLpZyoy5FVk0fdyAI5+o4="
    },
    "obj-def": {
      "version": "1.0.6",
      "resolved": "https://registry.npmjs.org/obj-def/-/obj-def-1.0.6.tgz",
      "integrity": "sha1-d1ThcohJwvk00f3SvnL+Yn7LWxQ=",
      "requires": {
        "deffy": "2.2.2"
      }
    },
    "one-by-one": {
      "version": "3.2.6",
      "resolved": "https://registry.npmjs.org/one-by-one/-/one-by-one-3.2.6.tgz",
      "integrity": "sha1-M+Pelthw+alL3LY/ontRcAvhESs=",
      "requires": {
        "obj-def": "1.0.6",
        "sliced": "1.0.1"
      }
    },
    "python-shell": {
      "version": "0.5.0",
      "resolved": "https://registry.npmjs.org/python-shell/-/python-shell-0.5.0.tgz",
      "integrity": "sha512-+jgmFZvwk1yMBBDisDlkXXMYv1eEJKbGCtwHLppGIyEV83cKeX9hjOjfR2yONWK3yQFhum0M2r7UE0U//hiK9w=="
    },
    "same-time": {
      "version": "2.3.3",
      "resolved": "https://registry.npmjs.org/same-time/-/same-time-2.3.3.tgz",
      "integrity": "sha1-jLRUyFxQ5eMBMthgXRZDBfymya8=",
      "requires": {
        "deffy": "2.0.0"
      },
      "dependencies": {
        "deffy": {
          "version": "2.0.0",
          "resolved": "https://registry.npmjs.org/deffy/-/deffy-2.0.0.tgz",
          "integrity": "sha1-+C4I7qUYxKCjCx8D7FBNJIryiTI=",
          "requires": {
            "typpy": "2.3.10"
          }
        }
      }
    },
    "sliced": {
      "version": "1.0.1",
      "resolved": "https://registry.npmjs.org/sliced/-/sliced-1.0.1.tgz",
      "integrity": "sha1-CzpmK10Ewxd7GSa+qCsD+Dei70E="
    },
    "transformer": {
      "version": "1.2.6",
      "resolved": "https://registry.npmjs.org/transformer/-/transformer-1.2.6.tgz",
      "integrity": "sha512-CuVqPPBnOQBxoTg0xeJnZD4FlNWlkogoOhC7u8OPsEoENuov1p6K7DsYpN5GMI8zgyu7yLZEQNGplAqZHA0MYQ==",
      "requires": {
        "asyncer.js": "1.0.8",
        "deffy": "2.2.2",
        "fn-result": "1.0.10",
        "noop6": "1.0.7",
        "typpy": "2.3.10",
        "ul": "5.2.13"
      }
    },
    "typpy": {
      "version": "2.3.10",
      "resolved": "https://registry.npmjs.org/typpy/-/typpy-2.3.10.tgz",
      "integrity": "sha512-DKiSmYeXF4q+K0H999sVROLjwsngad5AloblLo72No+xVT9W09ytUIOCC/3puHsf+Dsf8M2hoPds0H1HwJgQqg==",
      "requires": {
        "function.name": "1.0.10"
      }
    },
    "ul": {
      "version": "5.2.13",
      "resolved": "https://registry.npmjs.org/ul/-/ul-5.2.13.tgz",
      "integrity": "sha1-n/BQTqNcofdMC/WeZIDe8Am617U=",
      "requires": {
        "deffy": "2.2.2",
        "typpy": "2.3.10"
      }
    }
  }
}
